// !$*UTF8*$!
{
	archiveVersion = 1;
	classes = {
	};
	objectVersion = 50;
	objects = {

/* Begin PBXBuildFile section */
		8006498321B16A0E00BE4CA6 /* LICENSE in Resources */ = {isa = PBXBuildFile; fileRef = 8006498121B16A0E00BE4CA6 /* LICENSE */; };
		8006498421B16A0E00BE4CA6 /* README.md in Resources */ = {isa = PBXBuildFile; fileRef = 8006498221B16A0E00BE4CA6 /* README.md */; };
		809CFD1821B109550058EC65 /* sample.swift in Sources */ = {isa = PBXBuildFile; fileRef = 809CFD1721B109550058EC65 /* sample.swift */; settings = {ATTRIBUTES = (Public, ); }; };
		80F2334321AFF6670037CDEB /* sampleSDK.framework in Frameworks */ = {isa = PBXBuildFile; fileRef = 80F2333921AFF6670037CDEB /* sampleSDK.framework */; };
		80F2334821AFF6670037CDEB /* sampleSDKTests.swift in Sources */ = {isa = PBXBuildFile; fileRef = 80F2334721AFF6670037CDEB /* sampleSDKTests.swift */; };
		80F2334A21AFF6670037CDEB /* sampleSDK.h in Headers */ = {isa = PBXBuildFile; fileRef = 80F2333C21AFF6670037CDEB /* sampleSDK.h */; settings = {ATTRIBUTES = (Public, ); }; };
/* End PBXBuildFile section */

/* Begin PBXContainerItemProxy section */
		80F2334421AFF6670037CDEB /* PBXContainerItemProxy */ = {
			isa = PBXContainerItemProxy;
			containerPortal = 80F2333021AFF6670037CDEB /* Project object */;
			proxyType = 1;
			remoteGlobalIDString = 80F2333821AFF6670037CDEB;
			remoteInfo = sampleSDK;
		};
/* End PBXContainerItemProxy section */

/* Begin PBXFileReference section */
		8006498121B16A0E00BE4CA6 /* LICENSE */ = {isa = PBXFileReference; fileEncoding = 4; lastKnownFileType = text; path = LICENSE; sourceTree = "<group>"; };
		8006498221B16A0E00BE4CA6 /* README.md */ = {isa = PBXFileReference; fileEncoding = 4; lastKnownFileType = net.daringfireball.markdown; path = README.md; sourceTree = "<group>"; };
		809CFD1721B109550058EC65 /* sample.swift */ = {isa = PBXFileReference; lastKnownFileType = sourcecode.swift; path = sample.swift; sourceTree = "<group>"; };
		80F2333921AFF6670037CDEB /* sampleSDK.framework */ = {isa = PBXFileReference; explicitFileType = wrapper.framework; includeInIndex = 0; path = sampleSDK.framework; sourceTree = BUILT_PRODUCTS_DIR; };
		80F2333C21AFF6670037CDEB /* sampleSDK.h */ = {isa = PBXFileReference; lastKnownFileType = sourcecode.c.h; path = sampleSDK.h; sourceTree = "<group>"; };
		80F2333D21AFF6670037CDEB /* Info.plist */ = {isa = PBXFileReference; lastKnownFileType = text.plist.xml; path = Info.plist; sourceTree = "<group>"; };
		80F2334221AFF6670037CDEB /* sampleSDKTests.xctest */ = {isa = PBXFileReference; explicitFileType = wrapper.cfbundle; includeInIndex = 0; path = sampleSDKTests.xctest; sourceTree = BUILT_PRODUCTS_DIR; };
		80F2334721AFF6670037CDEB /* sampleSDKTests.swift */ = {isa = PBXFileReference; lastKnownFileType = sourcecode.swift; path = sampleSDKTests.swift; sourceTree = "<group>"; };
		80F2334921AFF6670037CDEB /* Info.plist */ = {isa = PBXFileReference; lastKnownFileType = text.plist.xml; path = Info.plist; sourceTree = "<group>"; };
/* End PBXFileReference section */

/* Begin PBXFrameworksBuildPhase section */
		80F2333621AFF6670037CDEB /* Frameworks */ = {
			isa = PBXFrameworksBuildPhase;
			buildActionMask = 2147483647;
			files = (
			);
			runOnlyForDeploymentPostprocessing = 0;
		};
		80F2333F21AFF6670037CDEB /* Frameworks */ = {
			isa = PBXFrameworksBuildPhase;
			buildActionMask = 2147483647;
			files = (
				80F2334321AFF6670037CDEB /* sampleSDK.framework in Frameworks */,
			);
			runOnlyForDeploymentPostprocessing = 0;
		};
/* End PBXFrameworksBuildPhase section */

/* Begin PBXGroup section */
		80F2332F21AFF6670037CDEB = {
			isa = PBXGroup;
			children = (
				8006498121B16A0E00BE4CA6 /* LICENSE */,
				8006498221B16A0E00BE4CA6 /* README.md */,
				80F2333B21AFF6670037CDEB /* sampleSDK */,
				80F2334621AFF6670037CDEB /* sampleSDKTests */,
				80F2333A21AFF6670037CDEB /* Products */,
			);
			sourceTree = "<group>";
		};
		80F2333A21AFF6670037CDEB /* Products */ = {
			isa = PBXGroup;
			children = (
				80F2333921AFF6670037CDEB /* sampleSDK.framework */,
				80F2334221AFF6670037CDEB /* sampleSDKTests.xctest */,
			);
			name = Products;
			sourceTree = "<group>";
		};
		80F2333B21AFF6670037CDEB /* sampleSDK */ = {
			isa = PBXGroup;
			children = (
				80F2333C21AFF6670037CDEB /* sampleSDK.h */,
				809CFD1721B109550058EC65 /* sample.swift */,
				80F2333D21AFF6670037CDEB /* Info.plist */,
			);
			path = sampleSDK;
			sourceTree = "<group>";
		};
		80F2334621AFF6670037CDEB /* sampleSDKTests */ = {
			isa = PBXGroup;
			children = (
				80F2334721AFF6670037CDEB /* sampleSDKTests.swift */,
				80F2334921AFF6670037CDEB /* Info.plist */,
			);
			path = sampleSDKTests;
			sourceTree = "<group>";
		};
/* End PBXGroup section */

/* Begin PBXHeadersBuildPhase section */
		80F2333421AFF6670037CDEB /* Headers */ = {
			isa = PBXHeadersBuildPhase;
			buildActionMask = 2147483647;
			files = (
				80F2334A21AFF6670037CDEB /* sampleSDK.h in Headers */,
			);
			runOnlyForDeploymentPostprocessing = 0;
		};
/* End PBXHeadersBuildPhase section */

/* Begin PBXNativeTarget section */
		80F2333821AFF6670037CDEB /* sampleSDK */ = {
			isa = PBXNativeTarget;
			buildConfigurationList = 80F2334D21AFF6670037CDEB /* Build configuration list for PBXNativeTarget "sampleSDK" */;
			buildPhases = (
				80F2333421AFF6670037CDEB /* Headers */,
				80F2333521AFF6670037CDEB /* Sources */,
				80F2333621AFF6670037CDEB /* Frameworks */,
				80F2333721AFF6670037CDEB /* Resources */,
			);
			buildRules = (
			);
			dependencies = (
			);
			name = sampleSDK;
			productName = sampleSDK;
			productReference = 80F2333921AFF6670037CDEB /* sampleSDK.framework */;
			productType = "com.apple.product-type.framework";
		};
		80F2334121AFF6670037CDEB /* sampleSDKTests */ = {
			isa = PBXNativeTarget;
			buildConfigurationList = 80F2335021AFF6670037CDEB /* Build configuration list for PBXNativeTarget "sampleSDKTests" */;
			buildPhases = (
				80F2333E21AFF6670037CDEB /* Sources */,
				80F2333F21AFF6670037CDEB /* Frameworks */,
				80F2334021AFF6670037CDEB /* Resources */,
			);
			buildRules = (
			);
			dependencies = (
				80F2334521AFF6670037CDEB /* PBXTargetDependency */,
			);
			name = sampleSDKTests;
			productName = sampleSDKTests;
			productReference = 80F2334221AFF6670037CDEB /* sampleSDKTests.xctest */;
			productType = "com.apple.product-type.bundle.unit-test";
		};
/* End PBXNativeTarget section */

/* Begin PBXProject section */
		80F2333021AFF6670037CDEB /* Project object */ = {
			isa = PBXProject;
			attributes = {
				LastSwiftUpdateCheck = 1010;
				LastUpgradeCheck = 1010;
				ORGANIZATIONNAME = Vaibhav;
				TargetAttributes = {
					80F2333821AFF6670037CDEB = {
						CreatedOnToolsVersion = 10.1;
						LastSwiftMigration = 1010;
					};
					80F2334121AFF6670037CDEB = {
						CreatedOnToolsVersion = 10.1;
					};
				};
			};
			buildConfigurationList = 80F2333321AFF6670037CDEB /* Build configuration list for PBXProject "sampleSDK" */;
			compatibilityVersion = "Xcode 9.3";
			developmentRegion = en;
			hasScannedForEncodings = 0;
			knownRegions = (
				en,
			);
			mainGroup = 80F2332F21AFF6670037CDEB;
			productRefGroup = 80F2333A21AFF6670037CDEB /* Products */;
			projectDirPath = "";
			projectRoot = "";
			targets = (
				80F2333821AFF6670037CDEB /* sampleSDK */,
				80F2334121AFF6670037CDEB /* sampleSDKTests */,
			);
		};
/* End PBXProject section */

/* Begin PBXResourcesBuildPhase section */
		80F2333721AFF6670037CDEB /* Resources */ = {
			isa = PBXResourcesBuildPhase;
			buildActionMask = 2147483647;
			files = (
				8006498421B16A0E00BE4CA6 /* README.md in Resources */,
				8006498321B16A0E00BE4CA6 /* LICENSE in Resources */,
			);
			runOnlyForDeploymentPostprocessing = 0;
		};
		80F2334021AFF6670037CDEB /* Resources */ = {
			isa = PBXResourcesBuildPhase;
			buildActionMask = 2147483647;
			files = (
			);
			runOnlyForDeploymentPostprocessing = 0;
		};
/* End PBXResourcesBuildPhase section */

/* Begin PBXSourcesBuildPhase section */
		80F2333521AFF6670037CDEB /* Sources */ = {
			isa = PBXSourcesBuildPhase;
			buildActionMask = 2147483647;
			files = (
				809CFD1821B109550058EC65 /* sample.swift in Sources */,
			);
			runOnlyForDeploymentPostprocessing = 0;
		};
		80F2333E21AFF6670037CDEB /* Sources */ = {
			isa = PBXSourcesBuildPhase;
			buildActionMask = 2147483647;
			files = (
				80F2334821AFF6670037CDEB /* sampleSDKTests.swift in Sources */,
			);
			runOnlyForDeploymentPostprocessing = 0;
		};
/* End PBXSourcesBuildPhase section */

/* Begin PBXTargetDependency section */
		80F2334521AFF6670037CDEB /* PBXTargetDependency */ = {
			isa = PBXTargetDependency;
			target = 80F2333821AFF6670037CDEB /* sampleSDK */;
			targetProxy = 80F2334421AFF6670037CDEB /* PBXContainerItemProxy */;
		};
/* End PBXTargetDependency section */

/* Begin XCBuildConfiguration section */
		80F2334B21AFF6670037CDEB /* Debug */ = {
			isa = XCBuildConfiguration;
			buildSettings = {
				ALWAYS_SEARCH_USER_PATHS = NO;
				CLANG_ANALYZER_NONNULL = YES;
				CLANG_ANALYZER_NUMBER_OBJECT_CONVERSION = YES_AGGRESSIVE;
				CLANG_CXX_LANGUAGE_STANDARD = "gnu++14";
				CLANG_CXX_LIBRARY = "libc++";
				CLANG_ENABLE_MODULES = YES;
				CLANG_ENABLE_OBJC_ARC = YES;
				CLANG_ENABLE_OBJC_WEAK = YES;
				CLANG_WARN_BLOCK_CAPTURE_AUTORELEASING = YES;
				CLANG_WARN_BOOL_CONVERSION = YES;
				CLANG_WARN_COMMA = YES;
				CLANG_WARN_CONSTANT_CONVERSION = YES;
				CLANG_WARN_DEPRECATED_OBJC_IMPLEMENTATIONS = YES;
				CLANG_WARN_DIRECT_OBJC_ISA_USAGE = YES_ERROR;
				CLANG_WARN_DOCUMENTATION_COMMENTS = YES;
				CLANG_WARN_EMPTY_BODY = YES;
				CLANG_WARN_ENUM_CONVERSION = YES;
				CLANG_WARN_INFINITE_RECURSION = YES;
				CLANG_WARN_INT_CONVERSION = YES;
				CLANG_WARN_NON_LITERAL_NULL_CONVERSION = YES;
				CLANG_WARN_OBJC_IMPLICIT_RETAIN_SELF = YES;
				CLANG_WARN_OBJC_LITERAL_CONVERSION = YES;
				CLANG_WARN_OBJC_ROOT_CLASS = YES_ERROR;
				CLANG_WARN_RANGE_LOOP_ANALYSIS = YES;
				CLANG_WARN_STRICT_PROTOTYPES = YES;
				CLANG_WARN_SUSPICIOUS_MOVE = YES;
				CLANG_WARN_UNGUARDED_AVAILABILITY = YES_AGGRESSIVE;
				CLANG_WARN_UNREACHABLE_CODE = YES;
				CLANG_WARN__DUPLICATE_METHOD_MATCH = YES;
				CODE_SIGN_IDENTITY = "iPhone Developer";
				COPY_PHASE_STRIP = NO;
				CURRENT_PROJECT_VERSION = 1;
				DEBUG_INFORMATION_FORMAT = dwarf;
				ENABLE_STRICT_OBJC_MSGSEND = YES;
				ENABLE_TESTABILITY = YES;
				GCC_C_LANGUAGE_STANDARD = gnu11;
				GCC_DYNAMIC_NO_PIC = NO;
				GCC_NO_COMMON_BLOCKS = YES;
				GCC_OPTIMIZATION_LEVEL = 0;
				GCC_PREPROCESSOR_DEFINITIONS = (
					"DEBUG=1",
					"$(inherited)",
				);
				GCC_WARN_64_TO_32_BIT_CONVERSION = YES;
				GCC_WARN_ABOUT_RETURN_TYPE = YES_ERROR;
				GCC_WARN_UNDECLARED_SELECTOR = YES;
				GCC_WARN_UNINITIALIZED_AUTOS = YES_AGGRESSIVE;
				GCC_WARN_UNUSED_FUNCTION = YES;
				GCC_WARN_UNUSED_VARIABLE = YES;
				IPHONEOS_DEPLOYMENT_TARGET = 12.1;
				MTL_ENABLE_DEBUG_INFO = INCLUDE_SOURCE;
				MTL_FAST_MATH = YES;
				ONLY_ACTIVE_ARCH = YES;
				SDKROOT = iphoneos;
				SWIFT_ACTIVE_COMPILATION_CONDITIONS = DEBUG;
				SWIFT_OPTIMIZATION_LEVEL = "-Onone";
				VERSIONING_SYSTEM = "apple-generic";
				VERSION_INFO_PREFIX = "";
			};
			name = Debug;
		};
		80F2334C21AFF6670037CDEB /* Release */ = {
			isa = XCBuildConfiguration;
			buildSettings = {
				ALWAYS_SEARCH_USER_PATHS = NO;
				CLANG_ANALYZER_NONNULL = YES;
				CLANG_ANALYZER_NUMBER_OBJECT_CONVERSION = YES_AGGRESSIVE;
				CLANG_CXX_LANGUAGE_STANDARD = "gnu++14";
				CLANG_CXX_LIBRARY = "libc++";
				CLANG_ENABLE_MODULES = YES;
				CLANG_ENABLE_OBJC_ARC = YES;
				CLANG_ENABLE_OBJC_WEAK = YES;
				CLANG_WARN_BLOCK_CAPTURE_AUTORELEASING = YES;
				CLANG_WARN_BOOL_CONVERSION = YES;
				CLANG_WARN_COMMA = YES;
				CLANG_WARN_CONSTANT_CONVERSION = YES;
				CLANG_WARN_DEPRECATED_OBJC_IMPLEMENTATIONS = YES;
				CLANG_WARN_DIRECT_OBJC_ISA_USAGE = YES_ERROR;
				CLANG_WARN_DOCUMENTATION_COMMENTS = YES;
				CLANG_WARN_EMPTY_BODY = YES;
				CLANG_WARN_ENUM_CONVERSION = YES;
				CLANG_WARN_INFINITE_RECURSION = YES;
				CLANG_WARN_INT_CONVERSION = YES;
				CLANG_WARN_NON_LITERAL_NULL_CONVERSION = YES;
				CLANG_WARN_OBJC_IMPLICIT_RETAIN_SELF = YES;
				CLANG_WARN_OBJC_LITERAL_CONVERSION = YES;
				CLANG_WARN_OBJC_ROOT_CLASS = YES_ERROR;
				CLANG_WARN_RANGE_LOOP_ANALYSIS = YES;
				CLANG_WARN_STRICT_PROTOTYPES = YES;
				CLANG_WARN_SUSPICIOUS_MOVE = YES;
				CLANG_WARN_UNGUARDED_AVAILABILITY = YES_AGGRESSIVE;
				CLANG_WARN_UNREACHABLE_CODE = YES;
				CLANG_WARN__DUPLICATE_METHOD_MATCH = YES;
				CODE_SIGN_IDENTITY = "iPhone Developer";
				COPY_PHASE_STRIP = NO;
				CURRENT_PROJECT_VERSION = 1;
				DEBUG_INFORMATION_FORMAT = "dwarf-with-dsym";
				ENABLE_NS_ASSERTIONS = NO;
				ENABLE_STRICT_OBJC_MSGSEND = YES;
				GCC_C_LANGUAGE_STANDARD = gnu11;
				GCC_NO_COMMON_BLOCKS = YES;
				GCC_WARN_64_TO_32_BIT_CONVERSION = YES;
				GCC_WARN_ABOUT_RETURN_TYPE = YES_ERROR;
				GCC_WARN_UNDECLARED_SELECTOR = YES;
				GCC_WARN_UNINITIALIZED_AUTOS = YES_AGGRESSIVE;
				GCC_WARN_UNUSED_FUNCTION = YES;
				GCC_WARN_UNUSED_VARIABLE = YES;
				IPHONEOS_DEPLOYMENT_TARGET = 12.1;
				MTL_ENABLE_DEBUG_INFO = NO;
				MTL_FAST_MATH = YES;
				SDKROOT = iphoneos;
				SWIFT_COMPILATION_MODE = wholemodule;
				SWIFT_OPTIMIZATION_LEVEL = "-O";
				VALIDATE_PRODUCT = YES;
				VERSIONING_SYSTEM = "apple-generic";
				VERSION_INFO_PREFIX = "";
			};
			name = Release;
		};
		80F2334E21AFF6670037CDEB /* Debug */ = {
			isa = XCBuildConfiguration;
			buildSettings = {
				CLANG_ENABLE_MODULES = YES;
				CODE_SIGN_IDENTITY = "";
				CODE_SIGN_STYLE = Automatic;
				DEFINES_MODULE = YES;
				DEVELOPMENT_TEAM = ZDNLBDFMG6;
				DYLIB_COMPATIBILITY_VERSION = 1;
				DYLIB_CURRENT_VERSION = 1;
				DYLIB_INSTALL_NAME_BASE = "@rpath";
				INFOPLIST_FILE = sampleSDK/Info.plist;
				INSTALL_PATH = "$(LOCAL_LIBRARY_DIR)/Frameworks";
				IPHONEOS_DEPLOYMENT_TARGET = 9.0;
				LD_RUNPATH_SEARCH_PATHS = (
					"$(inherited)",
					"@executable_path/Frameworks",
					"@loader_path/Frameworks",
				);
				PRODUCT_BUNDLE_IDENTIFIER = com.asiapay.sampleSDK;
				PRODUCT_NAME = "$(TARGET_NAME:c99extidentifier)";
				SKIP_INSTALL = YES;
				SWIFT_OPTIMIZATION_LEVEL = "-Onone";
				SWIFT_VERSION = 4.0;
				TARGETED_DEVICE_FAMILY = "1,2";
			};
			name = Debug;
		};
		80F2334F21AFF6670037CDEB /* Release */ = {
			isa = XCBuildConfiguration;
			buildSettings = {
				CLANG_ENABLE_MODULES = YES;
				CODE_SIGN_IDENTITY = "";
				CODE_SIGN_STYLE = Automatic;
				DEFINES_MODULE = YES;
				DEVELOPMENT_TEAM = ZDNLBDFMG6;
				DYLIB_COMPATIBILITY_VERSION = 1;
				DYLIB_CURRENT_VERSION = 1;
				DYLIB_INSTALL_NAME_BASE = "@rpath";
				INFOPLIST_FILE = sampleSDK/Info.plist;
				INSTALL_PATH = "$(LOCAL_LIBRARY_DIR)/Frameworks";
				IPHONEOS_DEPLOYMENT_TARGET = 9.0;
				LD_RUNPATH_SEARCH_PATHS = (
					"$(inherited)",
					"@executable_path/Frameworks",
					"@loader_path/Frameworks",
				);
				PRODUCT_BUNDLE_IDENTIFIER = com.asiapay.sampleSDK;
				PRODUCT_NAME = "$(TARGET_NAME:c99extidentifier)";
				SKIP_INSTALL = YES;
				SWIFT_VERSION = 4.0;
				TARGETED_DEVICE_FAMILY = "1,2";
			};
			name = Release;
		};
		80F2335121AFF6670037CDEB /* Debug */ = {
			isa = XCBuildConfiguration;
			buildSettings = {
				CODE_SIGN_STYLE = Automatic;
				DEVELOPMENT_TEAM = ZDNLBDFMG6;
				INFOPLIST_FILE = sampleSDKTests/Info.plist;
				LD_RUNPATH_SEARCH_PATHS = (
					"$(inherited)",
					"@executable_path/Frameworks",
					"@loader_path/Frameworks",
				);
				PRODUCT_BUNDLE_IDENTIFIER = com.asiapay.sampleSDKTests;
				PRODUCT_NAME = "$(TARGET_NAME)";
				SWIFT_VERSION = 4.2;
				TARGETED_DEVICE_FAMILY = "1,2";
			};
			name = Debug;
		};
		80F2335221AFF6670037CDEB /* Release */ = {
			isa = XCBuildConfiguration;
			buildSettings = {
				CODE_SIGN_STYLE = Automatic;
				DEVELOPMENT_TEAM = ZDNLBDFMG6;
				INFOPLIST_FILE = sampleSDKTests/Info.plist;
				LD_RUNPATH_SEARCH_PATHS = (
					"$(inherited)",
					"@executable_path/Frameworks",
					"@loader_path/Frameworks",
				);
				PRODUCT_BUNDLE_IDENTIFIER = com.asiapay.sampleSDKTests;
				PRODUCT_NAME = "$(TARGET_NAME)";
				SWIFT_VERSION = 4.2;
				TARGETED_DEVICE_FAMILY = "1,2";
			};
			name = Release;
		};
/* End XCBuildConfiguration section */

/* Begin XCConfigurationList section */
		80F2333321AFF6670037CDEB /* Build configuration list for PBXProject "sampleSDK" */ = {
			isa = XCConfigurationList;
			buildConfigurations = (
				80F2334B21AFF6670037CDEB /* Debug */,
				80F2334C21AFF6670037CDEB /* Release */,
			);
			defaultConfigurationIsVisible = 0;
			defaultConfigurationName = Release;
		};
		80F2334D21AFF6670037CDEB /* Build configuration list for PBXNativeTarget "sampleSDK" */ = {
			isa = XCConfigurationList;
			buildConfigurations = (
				80F2334E21AFF6670037CDEB /* Debug */,
				80F2334F21AFF6670037CDEB /* Release */,
			);
			defaultConfigurationIsVisible = 0;
			defaultConfigurationName = Release;
		};
		80F2335021AFF6670037CDEB /* Build configuration list for PBXNativeTarget "sampleSDKTests" */ = {
			isa = XCConfigurationList;
			buildConfigurations = (
				80F2335121AFF6670037CDEB /* Debug */,
				80F2335221AFF6670037CDEB /* Release */,
			);
			defaultConfigurationIsVisible = 0;
			defaultConfigurationName = Release;
		};
/* End XCConfigurationList section */
	};
	rootObject = 80F2333021AFF6670037CDEB /* Project object */;
}
